// !$*UTF8*$!
{
	archiveVersion = 1;
	classes = {
	};
	objectVersion = 48;
	objects = {

/* Begin PBXBuildFile section */
		FC28183F1FADDE94002C1E26 /* AppDelegate.swift in Sources */ = {isa = PBXBuildFile; fileRef = FC28183E1FADDE94002C1E26 /* AppDelegate.swift */; };
		FC2818411FADDE94002C1E26 /* ViewController.swift in Sources */ = {isa = PBXBuildFile; fileRef = FC2818401FADDE94002C1E26 /* ViewController.swift */; };
		FC2818441FADDE94002C1E26 /* Main.storyboard in Resources */ = {isa = PBXBuildFile; fileRef = FC2818421FADDE94002C1E26 /* Main.storyboard */; };
		FC2818471FADDE94002C1E26 /* DinnerSpinner.xcdatamodeld in Sources */ = {isa = PBXBuildFile; fileRef = FC2818451FADDE94002C1E26 /* DinnerSpinner.xcdatamodeld */; };
		FC2818491FADDE94002C1E26 /* Assets.xcassets in Resources */ = {isa = PBXBuildFile; fileRef = FC2818481FADDE94002C1E26 /* Assets.xcassets */; };
		FC28184C1FADDE94002C1E26 /* LaunchScreen.storyboard in Resources */ = {isa = PBXBuildFile; fileRef = FC28184A1FADDE94002C1E26 /* LaunchScreen.storyboard */; };
/* End PBXBuildFile section */

/* Begin PBXFileReference section */
		FC28183B1FADDE94002C1E26 /* DinnerSpinner.app */ = {isa = PBXFileReference; explicitFileType = wrapper.application; includeInIndex = 0; path = DinnerSpinner.app; sourceTree = BUILT_PRODUCTS_DIR; };
		FC28183E1FADDE94002C1E26 /* AppDelegate.swift */ = {isa = PBXFileReference; lastKnownFileType = sourcecode.swift; path = AppDelegate.swift; sourceTree = "<group>"; };
		FC2818401FADDE94002C1E26 /* ViewController.swift */ = {isa = PBXFileReference; lastKnownFileType = sourcecode.swift; path = ViewController.swift; sourceTree = "<group>"; };
		FC2818431FADDE94002C1E26 /* Base */ = {isa = PBXFileReference; lastKnownFileType = file.storyboard; name = Base; path = Base.lproj/Main.storyboard; sourceTree = "<group>"; };
		FC2818461FADDE94002C1E26 /* DinnerSpinner.xcdatamodel */ = {isa = PBXFileReference; lastKnownFileType = wrapper.xcdatamodel; path = DinnerSpinner.xcdatamodel; sourceTree = "<group>"; };
		FC2818481FADDE94002C1E26 /* Assets.xcassets */ = {isa = PBXFileReference; lastKnownFileType = folder.assetcatalog; path = Assets.xcassets; sourceTree = "<group>"; };
		FC28184B1FADDE94002C1E26 /* Base */ = {isa = PBXFileReference; lastKnownFileType = file.storyboard; name = Base; path = Base.lproj/LaunchScreen.storyboard; sourceTree = "<group>"; };
		FC28184D1FADDE94002C1E26 /* Info.plist */ = {isa = PBXFileReference; lastKnownFileType = text.plist.xml; path = Info.plist; sourceTree = "<group>"; };
/* End PBXFileReference section */

/* Begin PBXFrameworksBuildPhase section */
		FC2818381FADDE94002C1E26 /* Frameworks */ = {
			isa = PBXFrameworksBuildPhase;
			buildActionMask = 2147483647;
			files = (
			);
			runOnlyForDeploymentPostprocessing = 0;
		};
/* End PBXFrameworksBuildPhase section */

/* Begin PBXGroup section */
		FC2818321FADDE94002C1E26 = {
			isa = PBXGroup;
			children = (
				FC28183D1FADDE94002C1E26 /* DinnerSpinner */,
				FC28183C1FADDE94002C1E26 /* Products */,
			);
			sourceTree = "<group>";
		};
		FC28183C1FADDE94002C1E26 /* Products */ = {
			isa = PBXGroup;
			children = (
				FC28183B1FADDE94002C1E26 /* DinnerSpinner.app */,
			);
			name = Products;
			sourceTree = "<group>";
		};
		FC28183D1FADDE94002C1E26 /* DinnerSpinner */ = {
			isa = PBXGroup;
			children = (
				FC28183E1FADDE94002C1E26 /* AppDelegate.swift */,
				FC2818401FADDE94002C1E26 /* ViewController.swift */,
				FC2818421FADDE94002C1E26 /* Main.storyboard */,
				FC2818481FADDE94002C1E26 /* Assets.xcassets */,
				FC28184A1FADDE94002C1E26 /* LaunchScreen.storyboard */,
				FC28184D1FADDE94002C1E26 /* Info.plist */,
				FC2818451FADDE94002C1E26 /* DinnerSpinner.xcdatamodeld */,
			);
			path = DinnerSpinner;
			sourceTree = "<group>";
		};
/* End PBXGroup section */

/* Begin PBXNativeTarget section */
		FC28183A1FADDE94002C1E26 /* DinnerSpinner */ = {
			isa = PBXNativeTarget;
			buildConfigurationList = FC2818501FADDE94002C1E26 /* Build configuration list for PBXNativeTarget "DinnerSpinner" */;
			buildPhases = (
				FC2818371FADDE94002C1E26 /* Sources */,
				FC2818381FADDE94002C1E26 /* Frameworks */,
				FC2818391FADDE94002C1E26 /* Resources */,
			);
			buildRules = (
			);
			dependencies = (
			);
			name = DinnerSpinner;
			productName = DinnerSpinner;
			productReference = FC28183B1FADDE94002C1E26 /* DinnerSpinner.app */;
			productType = "com.apple.product-type.application";
		};
/* End PBXNativeTarget section */

/* Begin PBXProject section */
		FC2818331FADDE94002C1E26 /* Project object */ = {
			isa = PBXProject;
			attributes = {
				LastSwiftUpdateCheck = 0910;
				LastUpgradeCheck = 0910;
				ORGANIZATIONNAME = Digithio;
				TargetAttributes = {
					FC28183A1FADDE94002C1E26 = {
						CreatedOnToolsVersion = 9.1;
						ProvisioningStyle = Automatic;
					};
				};
			};
			buildConfigurationList = FC2818361FADDE94002C1E26 /* Build configuration list for PBXProject "DinnerSpinner" */;
			compatibilityVersion = "Xcode 8.0";
			developmentRegion = en;
			hasScannedForEncodings = 0;
			knownRegions = (
				en,
				Base,
			);
			mainGroup = FC2818321FADDE94002C1E26;
			productRefGroup = FC28183C1FADDE94002C1E26 /* Products */;
			projectDirPath = "";
			projectRoot = "";
			targets = (
				FC28183A1FADDE94002C1E26 /* DinnerSpinner */,
			);
		};
/* End PBXProject section */

/* Begin PBXResourcesBuildPhase section */
		FC2818391FADDE94002C1E26 /* Resources */ = {
			isa = PBXResourcesBuildPhase;
			buildActionMask = 2147483647;
			files = (
				FC28184C1FADDE94002C1E26 /* LaunchScreen.storyboard in Resources */,
				FC2818491FADDE94002C1E26 /* Assets.xcassets in Resources */,
				FC2818441FADDE94002C1E26 /* Main.storyboard in Resources */,
			);
			runOnlyForDeploymentPostprocessing = 0;
		};
/* End PBXResourcesBuildPhase section */

/* Begin PBXSourcesBuildPhase section */
		FC2818371FADDE94002C1E26 /* Sources */ = {
			isa = PBXSourcesBuildPhase;
			buildActionMask = 2147483647;
			files = (
				FC2818471FADDE94002C1E26 /* DinnerSpinner.xcdatamodeld in Sources */,
				FC2818411FADDE94002C1E26 /* ViewController.swift in Sources */,
				FC28183F1FADDE94002C1E26 /* AppDelegate.swift in Sources */,
			);
			runOnlyForDeploymentPostprocessing = 0;
		};
/* End PBXSourcesBuildPhase section */

/* Begin PBXVariantGroup section */
		FC2818421FADDE94002C1E26 /* Main.storyboard */ = {
			isa = PBXVariantGroup;
			children = (
				FC2818431FADDE94002C1E26 /* Base */,
			);
			name = Main.storyboard;
			sourceTree = "<group>";
		};
		FC28184A1FADDE94002C1E26 /* LaunchScreen.storyboard */ = {
			isa = PBXVariantGroup;
			children = (
				FC28184B1FADDE94002C1E26 /* Base */,
			);
			name = LaunchScreen.storyboard;
			sourceTree = "<group>";
		};
/* End PBXVariantGroup section */

/* Begin XCBuildConfiguration section */
		FC28184E1FADDE94002C1E26 /* Debug */ = {
			isa = XCBuildConfiguration;
			buildSettings = {
				ALWAYS_SEARCH_USER_PATHS = NO;
				CLANG_ANALYZER_NONNULL = YES;
				CLANG_ANALYZER_NUMBER_OBJECT_CONVERSION = YES_AGGRESSIVE;
				CLANG_CXX_LANGUAGE_STANDARD = "gnu++14";
				CLANG_CXX_LIBRARY = "libc++";
				CLANG_ENABLE_MODULES = YES;
				CLANG_ENABLE_OBJC_ARC = YES;
				CLANG_WARN_BLOCK_CAPTURE_AUTORELEASING = YES;
				CLANG_WARN_BOOL_CONVERSION = YES;
				CLANG_WARN_COMMA = YES;
				CLANG_WARN_CONSTANT_CONVERSION = YES;
				CLANG_WARN_DIRECT_OBJC_ISA_USAGE = YES_ERROR;
				CLANG_WARN_DOCUMENTATION_COMMENTS = YES;
				CLANG_WARN_EMPTY_BODY = YES;
				CLANG_WARN_ENUM_CONVERSION = YES;
				CLANG_WARN_INFINITE_RECURSION = YES;
				CLANG_WARN_INT_CONVERSION = YES;
				CLANG_WARN_NON_LITERAL_NULL_CONVERSION = YES;
				CLANG_WARN_OBJC_LITERAL_CONVERSION = YES;
				CLANG_WARN_OBJC_ROOT_CLASS = YES_ERROR;
				CLANG_WARN_RANGE_LOOP_ANALYSIS = YES;
				CLANG_WARN_STRICT_PROTOTYPES = YES;
				CLANG_WARN_SUSPICIOUS_MOVE = YES;
				CLANG_WARN_UNGUARDED_AVAILABILITY = YES_AGGRESSIVE;
				CLANG_WARN_UNREACHABLE_CODE = YES;
				CLANG_WARN__DUPLICATE_METHOD_MATCH = YES;
				CODE_SIGN_IDENTITY = "iPhone Developer";
				COPY_PHASE_STRIP = NO;
				DEBUG_INFORMATION_FORMAT = dwarf;
				ENABLE_STRICT_OBJC_MSGSEND = YES;
				ENABLE_TESTABILITY = YES;
				GCC_C_LANGUAGE_STANDARD = gnu11;
				GCC_DYNAMIC_NO_PIC = NO;
				GCC_NO_COMMON_BLOCKS = YES;
				GCC_OPTIMIZATION_LEVEL = 0;
				GCC_PREPROCESSOR_DEFINITIONS = (
					"DEBUG=1",
					"$(inherited)",
				);
				GCC_WARN_64_TO_32_BIT_CONVERSION = YES;
				GCC_WARN_ABOUT_RETURN_TYPE = YES_ERROR;
				GCC_WARN_UNDECLARED_SELECTOR = YES;
				GCC_WARN_UNINITIALIZED_AUTOS = YES_AGGRESSIVE;
				GCC_WARN_UNUSED_FUNCTION = YES;
				GCC_WARN_UNUSED_VARIABLE = YES;
				IPHONEOS_DEPLOYMENT_TARGET = 11.1;
				MTL_ENABLE_DEBUG_INFO = YES;
				ONLY_ACTIVE_ARCH = YES;
				SDKROOT = iphoneos;
				SWIFT_ACTIVE_COMPILATION_CONDITIONS = DEBUG;
				SWIFT_OPTIMIZATION_LEVEL = "-Onone";
			};
			name = Debug;
		};
		FC28184F1FADDE94002C1E26 /* Release */ = {
			isa = XCBuildConfiguration;
			buildSettings = {
				ALWAYS_SEARCH_USER_PATHS = NO;
				CLANG_ANALYZER_NONNULL = YES;
				CLANG_ANALYZER_NUMBER_OBJECT_CONVERSION = YES_AGGRESSIVE;
				CLANG_CXX_LANGUAGE_STANDARD = "gnu++14";
				CLANG_CXX_LIBRARY = "libc++";
				CLANG_ENABLE_MODULES = YES;
				CLANG_ENABLE_OBJC_ARC = YES;
				CLANG_WARN_BLOCK_CAPTURE_AUTORELEASING = YES;
				CLANG_WARN_BOOL_CONVERSION = YES;
				CLANG_WARN_COMMA = YES;
				CLANG_WARN_CONSTANT_CONVERSION = YES;
				CLANG_WARN_DIRECT_OBJC_ISA_USAGE = YES_ERROR;
				CLANG_WARN_DOCUMENTATION_COMMENTS = YES;
				CLANG_WARN_EMPTY_BODY = YES;
				CLANG_WARN_ENUM_CONVERSION = YES;
				CLANG_WARN_INFINITE_RECURSION = YES;
				CLANG_WARN_INT_CONVERSION = YES;
				CLANG_WARN_NON_LITERAL_NULL_CONVERSION = YES;
				CLANG_WARN_OBJC_LITERAL_CONVERSION = YES;
				CLANG_WARN_OBJC_ROOT_CLASS = YES_ERROR;
				CLANG_WARN_RANGE_LOOP_ANALYSIS = YES;
				CLANG_WARN_STRICT_PROTOTYPES = YES;
				CLANG_WARN_SUSPICIOUS_MOVE = YES;
				CLANG_WARN_UNGUARDED_AVAILABILITY = YES_AGGRESSIVE;
				CLANG_WARN_UNREACHABLE_CODE = YES;
				CLANG_WARN__DUPLICATE_METHOD_MATCH = YES;
				CODE_SIGN_IDENTITY = "iPhone Developer";
				COPY_PHASE_STRIP = NO;
				DEBUG_INFORMATION_FORMAT = "dwarf-with-dsym";
				ENABLE_NS_ASSERTIONS = NO;
				ENABLE_STRICT_OBJC_MSGSEND = YES;
				GCC_C_LANGUAGE_STANDARD = gnu11;
				GCC_NO_COMMON_BLOCKS = YES;
				GCC_WARN_64_TO_32_BIT_CONVERSION = YES;
				GCC_WARN_ABOUT_RETURN_TYPE = YES_ERROR;
				GCC_WARN_UNDECLARED_SELECTOR = YES;
				GCC_WARN_UNINITIALIZED_AUTOS = YES_AGGRESSIVE;
				GCC_WARN_UNUSED_FUNCTION = YES;
				GCC_WARN_UNUSED_VARIABLE = YES;
				IPHONEOS_DEPLOYMENT_TARGET = 11.1;
				MTL_ENABLE_DEBUG_INFO = NO;
				SDKROOT = iphoneos;
				SWIFT_OPTIMIZATION_LEVEL = "-Owholemodule";
				VALIDATE_PRODUCT = YES;
			};
			name = Release;
		};
		FC2818511FADDE94002C1E26 /* Debug */ = {
			isa = XCBuildConfiguration;
			buildSettings = {
				ASSETCATALOG_COMPILER_APPICON_NAME = AppIcon;
				CODE_SIGN_STYLE = Automatic;
				DEVELOPMENT_TEAM = ZQD2Q9TDCS;
				INFOPLIST_FILE = DinnerSpinner/Info.plist;
				LD_RUNPATH_SEARCH_PATHS = "$(inherited) @executable_path/Frameworks";
				PRODUCT_BUNDLE_IDENTIFIER = com.digithio.DinnerSpinner;
				PRODUCT_NAME = "$(TARGET_NAME)";
				SWIFT_VERSION = 4.0;
				TARGETED_DEVICE_FAMILY = "1,2";
			};
			name = Debug;
		};
		FC2818521FADDE94002C1E26 /* Release */ = {
			isa = XCBuildConfiguration;
			buildSettings = {
				ASSETCATALOG_COMPILER_APPICON_NAME = AppIcon;
				CODE_SIGN_STYLE = Automatic;
				DEVELOPMENT_TEAM = ZQD2Q9TDCS;
				INFOPLIST_FILE = DinnerSpinner/Info.plist;
				LD_RUNPATH_SEARCH_PATHS = "$(inherited) @executable_path/Frameworks";
				PRODUCT_BUNDLE_IDENTIFIER = com.digithio.DinnerSpinner;
				PRODUCT_NAME = "$(TARGET_NAME)";
				SWIFT_VERSION = 4.0;
				TARGETED_DEVICE_FAMILY = "1,2";
			};
			name = Release;
		};
/* End XCBuildConfiguration section */

/* Begin XCConfigurationList section */
		FC2818361FADDE94002C1E26 /* Build configuration list for PBXProject "DinnerSpinner" */ = {
			isa = XCConfigurationList;
			buildConfigurations = (
				FC28184E1FADDE94002C1E26 /* Debug */,
				FC28184F1FADDE94002C1E26 /* Release */,
			);
			defaultConfigurationIsVisible = 0;
			defaultConfigurationName = Release;
		};
		FC2818501FADDE94002C1E26 /* Build configuration list for PBXNativeTarget "DinnerSpinner" */ = {
			isa = XCConfigurationList;
			buildConfigurations = (
				FC2818511FADDE94002C1E26 /* Debug */,
				FC2818521FADDE94002C1E26 /* Release */,
			);
			defaultConfigurationIsVisible = 0;
			defaultConfigurationName = Release;
		};
/* End XCConfigurationList section */

/* Begin XCVersionGroup section */
		FC2818451FADDE94002C1E26 /* DinnerSpinner.xcdatamodeld */ = {
			isa = XCVersionGroup;
			children = (
				FC2818461FADDE94002C1E26 /* DinnerSpinner.xcdatamodel */,
			);
			currentVersion = FC2818461FADDE94002C1E26 /* DinnerSpinner.xcdatamodel */;
			path = DinnerSpinner.xcdatamodeld;
			sourceTree = "<group>";
			versionGroupType = wrapper.xcdatamodel;
		};
/* End XCVersionGroup section */
	};
	rootObject = FC2818331FADDE94002C1E26 /* Project object */;
}
