// !$*UTF8*$!
{
	archiveVersion = 1;
	classes = {
	};
	objectVersion = 48;
	objects = {

/* Begin PBXBuildFile section */
		F267D67621504A0A9E0A3294 /* Pods_DinnerSpinner.framework in Frameworks */ = {isa = PBXBuildFile; fileRef = 4A5EE1212F0754D58AD19C56 /* Pods_DinnerSpinner.framework */; };
		FC28183F1FADDE94002C1E26 /* AppDelegate.swift in Sources */ = {isa = PBXBuildFile; fileRef = FC28183E1FADDE94002C1E26 /* AppDelegate.swift */; };
		FC2818471FADDE94002C1E26 /* DinnerSpinner.xcdatamodeld in Sources */ = {isa = PBXBuildFile; fileRef = FC2818451FADDE94002C1E26 /* DinnerSpinner.xcdatamodeld */; };
		FC2818491FADDE94002C1E26 /* Assets.xcassets in Resources */ = {isa = PBXBuildFile; fileRef = FC2818481FADDE94002C1E26 /* Assets.xcassets */; };
		FCE4C1E21FADE6C200D8CE0A /* Info.plist in Resources */ = {isa = PBXBuildFile; fileRef = FCE4C1E11FADE6C200D8CE0A /* Info.plist */; };
		FCE4C1E41FADE6F000D8CE0A /* SplashScreen.storyboard in Resources */ = {isa = PBXBuildFile; fileRef = FCE4C1E31FADE6F000D8CE0A /* SplashScreen.storyboard */; };
		FCE4C1E61FADE88E00D8CE0A /* Main.storyboard in Resources */ = {isa = PBXBuildFile; fileRef = FCE4C1E51FADE88E00D8CE0A /* Main.storyboard */; };
		FCE4C1EB1FADEE5A00D8CE0A /* Recipes.storyboard in Resources */ = {isa = PBXBuildFile; fileRef = FCE4C1EA1FADEE5A00D8CE0A /* Recipes.storyboard */; };
		FCE4C1ED1FADEE7E00D8CE0A /* Plan.storyboard in Resources */ = {isa = PBXBuildFile; fileRef = FCE4C1EC1FADEE7E00D8CE0A /* Plan.storyboard */; };
		FCE4C1EF1FADEE8F00D8CE0A /* ShoppingList.storyboard in Resources */ = {isa = PBXBuildFile; fileRef = FCE4C1EE1FADEE8F00D8CE0A /* ShoppingList.storyboard */; };
/* End PBXBuildFile section */

/* Begin PBXFileReference section */
		4A5EE1212F0754D58AD19C56 /* Pods_DinnerSpinner.framework */ = {isa = PBXFileReference; explicitFileType = wrapper.framework; includeInIndex = 0; path = Pods_DinnerSpinner.framework; sourceTree = BUILT_PRODUCTS_DIR; };
		654EEB5ECE03E03250C430D6 /* Pods-DinnerSpinner.debug.xcconfig */ = {isa = PBXFileReference; includeInIndex = 1; lastKnownFileType = text.xcconfig; name = "Pods-DinnerSpinner.debug.xcconfig"; path = "Pods/Target Support Files/Pods-DinnerSpinner/Pods-DinnerSpinner.debug.xcconfig"; sourceTree = "<group>"; };
		B8320486509F31FE85DC3335 /* Pods-DinnerSpinner.release.xcconfig */ = {isa = PBXFileReference; includeInIndex = 1; lastKnownFileType = text.xcconfig; name = "Pods-DinnerSpinner.release.xcconfig"; path = "Pods/Target Support Files/Pods-DinnerSpinner/Pods-DinnerSpinner.release.xcconfig"; sourceTree = "<group>"; };
		FC28183B1FADDE94002C1E26 /* DinnerSpinner.app */ = {isa = PBXFileReference; explicitFileType = wrapper.application; includeInIndex = 0; path = DinnerSpinner.app; sourceTree = BUILT_PRODUCTS_DIR; };
		FC28183E1FADDE94002C1E26 /* AppDelegate.swift */ = {isa = PBXFileReference; lastKnownFileType = sourcecode.swift; path = AppDelegate.swift; sourceTree = "<group>"; };
		FC2818461FADDE94002C1E26 /* DinnerSpinner.xcdatamodel */ = {isa = PBXFileReference; lastKnownFileType = wrapper.xcdatamodel; path = DinnerSpinner.xcdatamodel; sourceTree = "<group>"; };
		FC2818481FADDE94002C1E26 /* Assets.xcassets */ = {isa = PBXFileReference; lastKnownFileType = folder.assetcatalog; path = Assets.xcassets; sourceTree = "<group>"; };
		FCE4C1E11FADE6C200D8CE0A /* Info.plist */ = {isa = PBXFileReference; fileEncoding = 4; lastKnownFileType = text.plist.xml; path = Info.plist; sourceTree = SOURCE_ROOT; };
		FCE4C1E31FADE6F000D8CE0A /* SplashScreen.storyboard */ = {isa = PBXFileReference; lastKnownFileType = file.storyboard; path = SplashScreen.storyboard; sourceTree = "<group>"; };
		FCE4C1E51FADE88E00D8CE0A /* Main.storyboard */ = {isa = PBXFileReference; lastKnownFileType = file.storyboard; path = Main.storyboard; sourceTree = "<group>"; };
		FCE4C1EA1FADEE5A00D8CE0A /* Recipes.storyboard */ = {isa = PBXFileReference; lastKnownFileType = file.storyboard; path = Recipes.storyboard; sourceTree = "<group>"; };
		FCE4C1EC1FADEE7E00D8CE0A /* Plan.storyboard */ = {isa = PBXFileReference; lastKnownFileType = file.storyboard; path = Plan.storyboard; sourceTree = "<group>"; };
		FCE4C1EE1FADEE8F00D8CE0A /* ShoppingList.storyboard */ = {isa = PBXFileReference; lastKnownFileType = file.storyboard; path = ShoppingList.storyboard; sourceTree = "<group>"; };
/* End PBXFileReference section */

/* Begin PBXFrameworksBuildPhase section */
		FC2818381FADDE94002C1E26 /* Frameworks */ = {
			isa = PBXFrameworksBuildPhase;
			buildActionMask = 2147483647;
			files = (
				F267D67621504A0A9E0A3294 /* Pods_DinnerSpinner.framework in Frameworks */,
			);
			runOnlyForDeploymentPostprocessing = 0;
		};
/* End PBXFrameworksBuildPhase section */

/* Begin PBXGroup section */
		AAC396E9789F5FBCB757F4C8 /* Frameworks */ = {
			isa = PBXGroup;
			children = (
				4A5EE1212F0754D58AD19C56 /* Pods_DinnerSpinner.framework */,
			);
			name = Frameworks;
			sourceTree = "<group>";
		};
		F0811488478D5DB843A09604 /* Pods */ = {
			isa = PBXGroup;
			children = (
				654EEB5ECE03E03250C430D6 /* Pods-DinnerSpinner.debug.xcconfig */,
				B8320486509F31FE85DC3335 /* Pods-DinnerSpinner.release.xcconfig */,
			);
			name = Pods;
			sourceTree = "<group>";
		};
		FC2818321FADDE94002C1E26 = {
			isa = PBXGroup;
			children = (
				FC28183D1FADDE94002C1E26 /* DinnerSpinner */,
				FC28183C1FADDE94002C1E26 /* Products */,
				F0811488478D5DB843A09604 /* Pods */,
				AAC396E9789F5FBCB757F4C8 /* Frameworks */,
			);
			sourceTree = "<group>";
		};
		FC28183C1FADDE94002C1E26 /* Products */ = {
			isa = PBXGroup;
			children = (
				FC28183B1FADDE94002C1E26 /* DinnerSpinner.app */,
			);
			name = Products;
			sourceTree = "<group>";
		};
		FC28183D1FADDE94002C1E26 /* DinnerSpinner */ = {
			isa = PBXGroup;
			children = (
				FCE4C1E01FADE40300D8CE0A /* Application */,
				FCE4C1DF1FADE37B00D8CE0A /* Subclasses */,
				FCE4C1DE1FADE36400D8CE0A /* Extensions */,
				FCE4C1DD1FADE34E00D8CE0A /* Managers */,
				FCE4C1DC1FADE34400D8CE0A /* Helpers */,
				FCE4C1DB1FADE33100D8CE0A /* UI */,
				FCE4C1DA1FADE30200D8CE0A /* Resources */,
			);
			path = DinnerSpinner;
			sourceTree = "<group>";
		};
		FCE4C1DA1FADE30200D8CE0A /* Resources */ = {
			isa = PBXGroup;
			children = (
				FCE4C1E11FADE6C200D8CE0A /* Info.plist */,
				FC2818481FADDE94002C1E26 /* Assets.xcassets */,
			);
			path = Resources;
			sourceTree = "<group>";
		};
		FCE4C1DB1FADE33100D8CE0A /* UI */ = {
			isa = PBXGroup;
			children = (
				FCE4C1E91FADEDB500D8CE0A /* ShoppingList */,
				FCE4C1E81FADEDB300D8CE0A /* Plan */,
				FCE4C1E71FADEDB100D8CE0A /* Recipes */,
				FCE4C1E51FADE88E00D8CE0A /* Main.storyboard */,
			);
			path = UI;
			sourceTree = "<group>";
		};
		FCE4C1DC1FADE34400D8CE0A /* Helpers */ = {
			isa = PBXGroup;
			children = (
			);
			path = Helpers;
			sourceTree = "<group>";
		};
		FCE4C1DD1FADE34E00D8CE0A /* Managers */ = {
			isa = PBXGroup;
			children = (
			);
			path = Managers;
			sourceTree = "<group>";
		};
		FCE4C1DE1FADE36400D8CE0A /* Extensions */ = {
			isa = PBXGroup;
			children = (
			);
			path = Extensions;
			sourceTree = "<group>";
		};
		FCE4C1DF1FADE37B00D8CE0A /* Subclasses */ = {
			isa = PBXGroup;
			children = (
			);
			path = Subclasses;
			sourceTree = "<group>";
		};
		FCE4C1E01FADE40300D8CE0A /* Application */ = {
			isa = PBXGroup;
			children = (
				FC2818451FADDE94002C1E26 /* DinnerSpinner.xcdatamodeld */,
				FC28183E1FADDE94002C1E26 /* AppDelegate.swift */,
				FCE4C1E31FADE6F000D8CE0A /* SplashScreen.storyboard */,
			);
			path = Application;
			sourceTree = "<group>";
		};
		FCE4C1E71FADEDB100D8CE0A /* Recipes */ = {
			isa = PBXGroup;
			children = (
				FCE4C1EA1FADEE5A00D8CE0A /* Recipes.storyboard */,
			);
			path = Recipes;
			sourceTree = "<group>";
		};
		FCE4C1E81FADEDB300D8CE0A /* Plan */ = {
			isa = PBXGroup;
			children = (
				FCE4C1EC1FADEE7E00D8CE0A /* Plan.storyboard */,
			);
			path = Plan;
			sourceTree = "<group>";
		};
		FCE4C1E91FADEDB500D8CE0A /* ShoppingList */ = {
			isa = PBXGroup;
			children = (
				FCE4C1EE1FADEE8F00D8CE0A /* ShoppingList.storyboard */,
			);
			path = ShoppingList;
			sourceTree = "<group>";
		};
/* End PBXGroup section */

/* Begin PBXNativeTarget section */
		FC28183A1FADDE94002C1E26 /* DinnerSpinner */ = {
			isa = PBXNativeTarget;
			buildConfigurationList = FC2818501FADDE94002C1E26 /* Build configuration list for PBXNativeTarget "DinnerSpinner" */;
			buildPhases = (
				A0666405AAE5D64A23B2F69D /* [CP] Check Pods Manifest.lock */,
				FC2818371FADDE94002C1E26 /* Sources */,
				FC2818381FADDE94002C1E26 /* Frameworks */,
				FC2818391FADDE94002C1E26 /* Resources */,
				80E469C7F97C7F55E14FF68C /* [CP] Embed Pods Frameworks */,
				25CBCF7E4FF3018A48904C33 /* [CP] Copy Pods Resources */,
			);
			buildRules = (
			);
			dependencies = (
			);
			name = DinnerSpinner;
			productName = DinnerSpinner;
			productReference = FC28183B1FADDE94002C1E26 /* DinnerSpinner.app */;
			productType = "com.apple.product-type.application";
		};
/* End PBXNativeTarget section */

/* Begin PBXProject section */
		FC2818331FADDE94002C1E26 /* Project object */ = {
			isa = PBXProject;
			attributes = {
				LastSwiftUpdateCheck = 0910;
				LastUpgradeCheck = 0910;
				ORGANIZATIONNAME = Digithio;
				TargetAttributes = {
					FC28183A1FADDE94002C1E26 = {
						CreatedOnToolsVersion = 9.1;
						ProvisioningStyle = Automatic;
					};
				};
			};
			buildConfigurationList = FC2818361FADDE94002C1E26 /* Build configuration list for PBXProject "DinnerSpinner" */;
			compatibilityVersion = "Xcode 8.0";
			developmentRegion = en;
			hasScannedForEncodings = 0;
			knownRegions = (
				en,
				Base,
			);
			mainGroup = FC2818321FADDE94002C1E26;
			productRefGroup = FC28183C1FADDE94002C1E26 /* Products */;
			projectDirPath = "";
			projectRoot = "";
			targets = (
				FC28183A1FADDE94002C1E26 /* DinnerSpinner */,
			);
		};
/* End PBXProject section */

/* Begin PBXResourcesBuildPhase section */
		FC2818391FADDE94002C1E26 /* Resources */ = {
			isa = PBXResourcesBuildPhase;
			buildActionMask = 2147483647;
			files = (
				FCE4C1EF1FADEE8F00D8CE0A /* ShoppingList.storyboard in Resources */,
				FCE4C1E21FADE6C200D8CE0A /* Info.plist in Resources */,
				FCE4C1E41FADE6F000D8CE0A /* SplashScreen.storyboard in Resources */,
				FC2818491FADDE94002C1E26 /* Assets.xcassets in Resources */,
				FCE4C1ED1FADEE7E00D8CE0A /* Plan.storyboard in Resources */,
				FCE4C1E61FADE88E00D8CE0A /* Main.storyboard in Resources */,
				FCE4C1EB1FADEE5A00D8CE0A /* Recipes.storyboard in Resources */,
			);
			runOnlyForDeploymentPostprocessing = 0;
		};
/* End PBXResourcesBuildPhase section */

/* Begin PBXShellScriptBuildPhase section */
		25CBCF7E4FF3018A48904C33 /* [CP] Copy Pods Resources */ = {
			isa = PBXShellScriptBuildPhase;
			buildActionMask = 2147483647;
			files = (
			);
			inputPaths = (
			);
			name = "[CP] Copy Pods Resources";
			outputPaths = (
			);
			runOnlyForDeploymentPostprocessing = 0;
			shellPath = /bin/sh;
			shellScript = "\"${SRCROOT}/Pods/Target Support Files/Pods-DinnerSpinner/Pods-DinnerSpinner-resources.sh\"\n";
			showEnvVarsInLog = 0;
		};
		80E469C7F97C7F55E14FF68C /* [CP] Embed Pods Frameworks */ = {
			isa = PBXShellScriptBuildPhase;
			buildActionMask = 2147483647;
			files = (
			);
			inputPaths = (
				"${SRCROOT}/Pods/Target Support Files/Pods-DinnerSpinner/Pods-DinnerSpinner-frameworks.sh",
				"${BUILT_PRODUCTS_DIR}/Alamofire/Alamofire.framework",
				"${BUILT_PRODUCTS_DIR}/AlamofireImage/AlamofireImage.framework",
				"${BUILT_PRODUCTS_DIR}/IQKeyboardManagerSwift/IQKeyboardManagerSwift.framework",
				"${BUILT_PRODUCTS_DIR}/ImageViewer/ImageViewer.framework",
			);
			name = "[CP] Embed Pods Frameworks";
			outputPaths = (
				"${TARGET_BUILD_DIR}/${FRAMEWORKS_FOLDER_PATH}/Alamofire.framework",
				"${TARGET_BUILD_DIR}/${FRAMEWORKS_FOLDER_PATH}/AlamofireImage.framework",
				"${TARGET_BUILD_DIR}/${FRAMEWORKS_FOLDER_PATH}/IQKeyboardManagerSwift.framework",
				"${TARGET_BUILD_DIR}/${FRAMEWORKS_FOLDER_PATH}/ImageViewer.framework",
			);
			runOnlyForDeploymentPostprocessing = 0;
			shellPath = /bin/sh;
			shellScript = "\"${SRCROOT}/Pods/Target Support Files/Pods-DinnerSpinner/Pods-DinnerSpinner-frameworks.sh\"\n";
			showEnvVarsInLog = 0;
		};
		A0666405AAE5D64A23B2F69D /* [CP] Check Pods Manifest.lock */ = {
			isa = PBXShellScriptBuildPhase;
			buildActionMask = 2147483647;
			files = (
			);
			inputPaths = (
				"${PODS_PODFILE_DIR_PATH}/Podfile.lock",
				"${PODS_ROOT}/Manifest.lock",
			);
			name = "[CP] Check Pods Manifest.lock";
			outputPaths = (
				"$(DERIVED_FILE_DIR)/Pods-DinnerSpinner-checkManifestLockResult.txt",
			);
			runOnlyForDeploymentPostprocessing = 0;
			shellPath = /bin/sh;
			shellScript = "diff \"${PODS_PODFILE_DIR_PATH}/Podfile.lock\" \"${PODS_ROOT}/Manifest.lock\" > /dev/null\nif [ $? != 0 ] ; then\n    # print error to STDERR\n    echo \"error: The sandbox is not in sync with the Podfile.lock. Run 'pod install' or update your CocoaPods installation.\" >&2\n    exit 1\nfi\n# This output is used by Xcode 'outputs' to avoid re-running this script phase.\necho \"SUCCESS\" > \"${SCRIPT_OUTPUT_FILE_0}\"\n";
			showEnvVarsInLog = 0;
		};
/* End PBXShellScriptBuildPhase section */

/* Begin PBXSourcesBuildPhase section */
		FC2818371FADDE94002C1E26 /* Sources */ = {
			isa = PBXSourcesBuildPhase;
			buildActionMask = 2147483647;
			files = (
				FC2818471FADDE94002C1E26 /* DinnerSpinner.xcdatamodeld in Sources */,
				FC28183F1FADDE94002C1E26 /* AppDelegate.swift in Sources */,
			);
			runOnlyForDeploymentPostprocessing = 0;
		};
/* End PBXSourcesBuildPhase section */

/* Begin XCBuildConfiguration section */
		FC28184E1FADDE94002C1E26 /* Debug */ = {
			isa = XCBuildConfiguration;
			buildSettings = {
				ALWAYS_SEARCH_USER_PATHS = NO;
				CLANG_ANALYZER_NONNULL = YES;
				CLANG_ANALYZER_NUMBER_OBJECT_CONVERSION = YES_AGGRESSIVE;
				CLANG_CXX_LANGUAGE_STANDARD = "gnu++14";
				CLANG_CXX_LIBRARY = "libc++";
				CLANG_ENABLE_MODULES = YES;
				CLANG_ENABLE_OBJC_ARC = YES;
				CLANG_WARN_BLOCK_CAPTURE_AUTORELEASING = YES;
				CLANG_WARN_BOOL_CONVERSION = YES;
				CLANG_WARN_COMMA = YES;
				CLANG_WARN_CONSTANT_CONVERSION = YES;
				CLANG_WARN_DIRECT_OBJC_ISA_USAGE = YES_ERROR;
				CLANG_WARN_DOCUMENTATION_COMMENTS = YES;
				CLANG_WARN_EMPTY_BODY = YES;
				CLANG_WARN_ENUM_CONVERSION = YES;
				CLANG_WARN_INFINITE_RECURSION = YES;
				CLANG_WARN_INT_CONVERSION = YES;
				CLANG_WARN_NON_LITERAL_NULL_CONVERSION = YES;
				CLANG_WARN_OBJC_LITERAL_CONVERSION = YES;
				CLANG_WARN_OBJC_ROOT_CLASS = YES_ERROR;
				CLANG_WARN_RANGE_LOOP_ANALYSIS = YES;
				CLANG_WARN_STRICT_PROTOTYPES = YES;
				CLANG_WARN_SUSPICIOUS_MOVE = YES;
				CLANG_WARN_UNGUARDED_AVAILABILITY = YES_AGGRESSIVE;
				CLANG_WARN_UNREACHABLE_CODE = YES;
				CLANG_WARN__DUPLICATE_METHOD_MATCH = YES;
				CODE_SIGN_IDENTITY = "iPhone Developer";
				COPY_PHASE_STRIP = NO;
				DEBUG_INFORMATION_FORMAT = dwarf;
				ENABLE_STRICT_OBJC_MSGSEND = YES;
				ENABLE_TESTABILITY = YES;
				GCC_C_LANGUAGE_STANDARD = gnu11;
				GCC_DYNAMIC_NO_PIC = NO;
				GCC_NO_COMMON_BLOCKS = YES;
				GCC_OPTIMIZATION_LEVEL = 0;
				GCC_PREPROCESSOR_DEFINITIONS = (
					"DEBUG=1",
					"$(inherited)",
				);
				GCC_WARN_64_TO_32_BIT_CONVERSION = YES;
				GCC_WARN_ABOUT_RETURN_TYPE = YES_ERROR;
				GCC_WARN_UNDECLARED_SELECTOR = YES;
				GCC_WARN_UNINITIALIZED_AUTOS = YES_AGGRESSIVE;
				GCC_WARN_UNUSED_FUNCTION = YES;
				GCC_WARN_UNUSED_VARIABLE = YES;
				IPHONEOS_DEPLOYMENT_TARGET = 11.1;
				MTL_ENABLE_DEBUG_INFO = YES;
				ONLY_ACTIVE_ARCH = YES;
				SDKROOT = iphoneos;
				SWIFT_ACTIVE_COMPILATION_CONDITIONS = DEBUG;
				SWIFT_OPTIMIZATION_LEVEL = "-Onone";
			};
			name = Debug;
		};
		FC28184F1FADDE94002C1E26 /* Release */ = {
			isa = XCBuildConfiguration;
			buildSettings = {
				ALWAYS_SEARCH_USER_PATHS = NO;
				CLANG_ANALYZER_NONNULL = YES;
				CLANG_ANALYZER_NUMBER_OBJECT_CONVERSION = YES_AGGRESSIVE;
				CLANG_CXX_LANGUAGE_STANDARD = "gnu++14";
				CLANG_CXX_LIBRARY = "libc++";
				CLANG_ENABLE_MODULES = YES;
				CLANG_ENABLE_OBJC_ARC = YES;
				CLANG_WARN_BLOCK_CAPTURE_AUTORELEASING = YES;
				CLANG_WARN_BOOL_CONVERSION = YES;
				CLANG_WARN_COMMA = YES;
				CLANG_WARN_CONSTANT_CONVERSION = YES;
				CLANG_WARN_DIRECT_OBJC_ISA_USAGE = YES_ERROR;
				CLANG_WARN_DOCUMENTATION_COMMENTS = YES;
				CLANG_WARN_EMPTY_BODY = YES;
				CLANG_WARN_ENUM_CONVERSION = YES;
				CLANG_WARN_INFINITE_RECURSION = YES;
				CLANG_WARN_INT_CONVERSION = YES;
				CLANG_WARN_NON_LITERAL_NULL_CONVERSION = YES;
				CLANG_WARN_OBJC_LITERAL_CONVERSION = YES;
				CLANG_WARN_OBJC_ROOT_CLASS = YES_ERROR;
				CLANG_WARN_RANGE_LOOP_ANALYSIS = YES;
				CLANG_WARN_STRICT_PROTOTYPES = YES;
				CLANG_WARN_SUSPICIOUS_MOVE = YES;
				CLANG_WARN_UNGUARDED_AVAILABILITY = YES_AGGRESSIVE;
				CLANG_WARN_UNREACHABLE_CODE = YES;
				CLANG_WARN__DUPLICATE_METHOD_MATCH = YES;
				CODE_SIGN_IDENTITY = "iPhone Developer";
				COPY_PHASE_STRIP = NO;
				DEBUG_INFORMATION_FORMAT = "dwarf-with-dsym";
				ENABLE_NS_ASSERTIONS = NO;
				ENABLE_STRICT_OBJC_MSGSEND = YES;
				GCC_C_LANGUAGE_STANDARD = gnu11;
				GCC_NO_COMMON_BLOCKS = YES;
				GCC_WARN_64_TO_32_BIT_CONVERSION = YES;
				GCC_WARN_ABOUT_RETURN_TYPE = YES_ERROR;
				GCC_WARN_UNDECLARED_SELECTOR = YES;
				GCC_WARN_UNINITIALIZED_AUTOS = YES_AGGRESSIVE;
				GCC_WARN_UNUSED_FUNCTION = YES;
				GCC_WARN_UNUSED_VARIABLE = YES;
				IPHONEOS_DEPLOYMENT_TARGET = 11.1;
				MTL_ENABLE_DEBUG_INFO = NO;
				SDKROOT = iphoneos;
				SWIFT_OPTIMIZATION_LEVEL = "-Owholemodule";
				VALIDATE_PRODUCT = YES;
			};
			name = Release;
		};
		FC2818511FADDE94002C1E26 /* Debug */ = {
			isa = XCBuildConfiguration;
			baseConfigurationReference = 654EEB5ECE03E03250C430D6 /* Pods-DinnerSpinner.debug.xcconfig */;
			buildSettings = {
				ASSETCATALOG_COMPILER_APPICON_NAME = AppIcon;
				CODE_SIGN_STYLE = Automatic;
				DEVELOPMENT_TEAM = ZQD2Q9TDCS;
				INFOPLIST_FILE = "$(SRCROOT)/Info.plist";
				LD_RUNPATH_SEARCH_PATHS = "$(inherited) @executable_path/Frameworks";
				PRODUCT_BUNDLE_IDENTIFIER = com.digithio.DinnerSpinner;
				PRODUCT_NAME = "$(TARGET_NAME)";
				SWIFT_VERSION = 4.0;
				TARGETED_DEVICE_FAMILY = "1,2";
			};
			name = Debug;
		};
		FC2818521FADDE94002C1E26 /* Release */ = {
			isa = XCBuildConfiguration;
			baseConfigurationReference = B8320486509F31FE85DC3335 /* Pods-DinnerSpinner.release.xcconfig */;
			buildSettings = {
				ASSETCATALOG_COMPILER_APPICON_NAME = AppIcon;
				CODE_SIGN_STYLE = Automatic;
				DEVELOPMENT_TEAM = ZQD2Q9TDCS;
				INFOPLIST_FILE = "$(SRCROOT)/Info.plist";
				LD_RUNPATH_SEARCH_PATHS = "$(inherited) @executable_path/Frameworks";
				PRODUCT_BUNDLE_IDENTIFIER = com.digithio.DinnerSpinner;
				PRODUCT_NAME = "$(TARGET_NAME)";
				SWIFT_VERSION = 4.0;
				TARGETED_DEVICE_FAMILY = "1,2";
			};
			name = Release;
		};
/* End XCBuildConfiguration section */

/* Begin XCConfigurationList section */
		FC2818361FADDE94002C1E26 /* Build configuration list for PBXProject "DinnerSpinner" */ = {
			isa = XCConfigurationList;
			buildConfigurations = (
				FC28184E1FADDE94002C1E26 /* Debug */,
				FC28184F1FADDE94002C1E26 /* Release */,
			);
			defaultConfigurationIsVisible = 0;
			defaultConfigurationName = Release;
		};
		FC2818501FADDE94002C1E26 /* Build configuration list for PBXNativeTarget "DinnerSpinner" */ = {
			isa = XCConfigurationList;
			buildConfigurations = (
				FC2818511FADDE94002C1E26 /* Debug */,
				FC2818521FADDE94002C1E26 /* Release */,
			);
			defaultConfigurationIsVisible = 0;
			defaultConfigurationName = Release;
		};
/* End XCConfigurationList section */

/* Begin XCVersionGroup section */
		FC2818451FADDE94002C1E26 /* DinnerSpinner.xcdatamodeld */ = {
			isa = XCVersionGroup;
			children = (
				FC2818461FADDE94002C1E26 /* DinnerSpinner.xcdatamodel */,
			);
			currentVersion = FC2818461FADDE94002C1E26 /* DinnerSpinner.xcdatamodel */;
			path = DinnerSpinner.xcdatamodeld;
			sourceTree = "<group>";
			versionGroupType = wrapper.xcdatamodel;
		};
/* End XCVersionGroup section */
	};
	rootObject = FC2818331FADDE94002C1E26 /* Project object */;
}
